
Microsoft Visual Studio Solution File, Format Version 12.00
Project("{FAE04EC0-301F-11D3-BF4B-00C04F79EFBC}") = "RepteazyApp", "RepteazyApp\RepteazyApp.csproj", "{BD569B01-D4A6-43A1-970A-E7F890E98E21}"
EndProject
Global
	GlobalSection(SolutionConfigurationPlatforms) = preSolution
		Debug|Any CPU = Debug|Any CPU
		Release|Any CPU = Release|Any CPU
	EndGlobalSection
	GlobalSection(ProjectConfigurationPlatforms) = postSolution
		{BD569B01-D4A6-43A1-970A-E7F890E98E21}.Debug|Any CPU.ActiveCfg = Debug|Any CPU
		{BD569B01-D4A6-43A1-970A-E7F890E98E21}.Debug|Any CPU.Build.0 = Debug|Any CPU
		{BD569B01-D4A6-43A1-970A-E7F890E98E21}.Debug|Any CPU.Deploy.0 = Debug|Any CPU
		{BD569B01-D4A6-43A1-970A-E7F890E98E21}.Release|Any CPU.ActiveCfg = Release|Any CPU
		{BD569B01-D4A6-43A1-970A-E7F890E98E21}.Release|Any CPU.Build.0 = Release|Any CPU
		{BD569B01-D4A6-43A1-970A-E7F890E98E21}.Release|Any CPU.Deploy.0 = Release|Any CPU
	EndGlobalSection
EndGlobal
